{
  "pins" : [
    {
      "identity" : "mycontainerpack",
      "kind" : "remoteSourceControl",
      "location" : "https://github.com/lf51/MyContainerPack.git",
      "state" : {
        "revision" : "f7de10c4d167fd55885b916a3505493880c45693",
        "version" : "0.0.6"
      }
    }
  ],
  "version" : 2
}
